
Microsoft Visual Studio Solution File, Format Version 12.00
# Visual Studio Version 16
VisualStudioVersion = 16.0.30309.148
MinimumVisualStudioVersion = 10.0.40219.1
Project("{2150E333-8FDC-42A3-9474-1A3956D46DE8}") = "01.OWASP", "01.OWASP", "{EDD33FFB-4A7D-4BA4-A702-D1F0807E9A48}"
EndProject
Project("{FAE04EC0-301F-11D3-BF4B-00C04F79EFBC}") = "MDC.Owasp.API", "src\01.OWASP\MDC.Owasp.API\MDC.Owasp.API.csproj", "{E3201813-994F-4A9B-8992-610F0F485E5E}"
EndProject
Global
	GlobalSection(SolutionConfigurationPlatforms) = preSolution
		Debug|Any CPU = Debug|Any CPU
		Release|Any CPU = Release|Any CPU
	EndGlobalSection
	GlobalSection(ProjectConfigurationPlatforms) = postSolution
		{E3201813-994F-4A9B-8992-610F0F485E5E}.Debug|Any CPU.ActiveCfg = Debug|Any CPU
		{E3201813-994F-4A9B-8992-610F0F485E5E}.Debug|Any CPU.Build.0 = Debug|Any CPU
		{E3201813-994F-4A9B-8992-610F0F485E5E}.Release|Any CPU.ActiveCfg = Release|Any CPU
		{E3201813-994F-4A9B-8992-610F0F485E5E}.Release|Any CPU.Build.0 = Release|Any CPU
	EndGlobalSection
	GlobalSection(SolutionProperties) = preSolution
		HideSolutionNode = FALSE
	EndGlobalSection
	GlobalSection(NestedProjects) = preSolution
		{E3201813-994F-4A9B-8992-610F0F485E5E} = {EDD33FFB-4A7D-4BA4-A702-D1F0807E9A48}
	EndGlobalSection
	GlobalSection(ExtensibilityGlobals) = postSolution
		SolutionGuid = {B9AF187D-51E9-4420-AC2F-11015852BD68}
	EndGlobalSection
EndGlobal
